{
  "name": "image-compression",
  "version": "1.0.0",
  "lockfileVersion": 1,
  "requires": true,
  "dependencies": {
    "ajv": {
      "version": "6.10.0",
      "resolved": "http://registry.npmjs.lianjia.com:7001/ajv/download/ajv-6.10.0.tgz",
      "integrity": "sha1-kNDVRDnaWHzX6EO/twRfUL0ivfE=",
      "requires": {
        "fast-deep-equal": "^2.0.1",
        "fast-json-stable-stringify": "^2.0.0",
        "json-schema-traverse": "^0.4.1",
        "uri-js": "^4.2.2"
      }
    },
    "ajv-errors": {
      "version": "1.0.1",
      "resolved": "http://registry.npmjs.lianjia.com:7001/ajv-errors/download/ajv-errors-1.0.1.tgz",
      "integrity": "sha1-81mGrOuRr63sQQL72FAUlQzvpk0="
    },
    "ajv-keywords": {
      "version": "3.4.0",
      "resolved": "http://registry.npmjs.lianjia.com:7001/ajv-keywords/download/ajv-keywords-3.4.0.tgz",
      "integrity": "sha1-S4Mee1MUFafMUYzUBOc/YZPGNJ0="
    },
    "ansi-styles": {
      "version": "3.2.1",
      "resolved": "http://registry.npmjs.lianjia.com:7001/ansi-styles/download/ansi-styles-3.2.1.tgz",
      "integrity": "sha1-QfuyAkPlCxK+DwS43tvwdSDOhB0=",
      "requires": {
        "color-convert": "^1.9.0"
      }
    },
    "babel-loader": {
      "version": "8.0.5",
      "resolved": "http://registry.npmjs.lianjia.com:7001/babel-loader/download/babel-loader-8.0.5.tgz",
      "integrity": "sha1-IlMi11CcIVdlWEC7pS5GtsLy/jM=",
      "requires": {
        "find-cache-dir": "^2.0.0",
        "loader-utils": "^1.0.2",
        "mkdirp": "^0.5.1",
        "util.promisify": "^1.0.0"
      }
    },
    "big.js": {
      "version": "5.2.2",
      "resolved": "http://registry.npmjs.lianjia.com:7001/big.js/download/big.js-5.2.2.tgz",
      "integrity": "sha1-ZfCvOC9Xi83HQr2cKB6cstd2gyg="
    },
    "camelcase": {
      "version": "5.3.0",
      "resolved": "http://registry.npmjs.lianjia.com:7001/camelcase/download/camelcase-5.3.0.tgz",
      "integrity": "sha1-ChEIgsvrpB9y+Z/PkY9KCpKhPr8="
    },
    "chalk": {
      "version": "2.4.2",
      "resolved": "http://registry.npmjs.lianjia.com:7001/chalk/download/chalk-2.4.2.tgz",
      "integrity": "sha1-zUJUFnelQzPPVBpJEIwUMrRMlCQ=",
      "requires": {
        "ansi-styles": "^3.2.1",
        "escape-string-regexp": "^1.0.5",
        "supports-color": "^5.3.0"
      },
      "dependencies": {
        "supports-color": {
          "version": "5.5.0",
          "resolved": "http://registry.npmjs.lianjia.com:7001/supports-color/download/supports-color-5.5.0.tgz",
          "integrity": "sha1-4uaaRKyHcveKHsCzW2id9lMO/I8=",
          "requires": {
            "has-flag": "^3.0.0"
          }
        }
      }
    },
    "color-convert": {
      "version": "1.9.3",
      "resolved": "http://registry.npmjs.lianjia.com:7001/color-convert/download/color-convert-1.9.3.tgz",
      "integrity": "sha1-u3GFBpDh8TZWfeYp0tVHHe2kweg=",
      "requires": {
        "color-name": "1.1.3"
      }
    },
    "color-name": {
      "version": "1.1.3",
      "resolved": "http://registry.npmjs.lianjia.com:7001/color-name/download/color-name-1.1.3.tgz",
      "integrity": "sha1-p9BVi9icQveV3UIyj3QIMcpTvCU="
    },
    "commondir": {
      "version": "1.0.1",
      "resolved": "http://registry.npmjs.lianjia.com:7001/commondir/download/commondir-1.0.1.tgz",
      "integrity": "sha1-3dgA2gxmEnOTzKWVDqloo6rxJTs="
    },
    "css-loader": {
      "version": "2.1.1",
      "resolved": "http://registry.npmjs.lianjia.com:7001/css-loader/download/css-loader-2.1.1.tgz",
      "integrity": "sha1-2CVPcuQSuyI4u0TdZ0/770lzM+o=",
      "requires": {
        "camelcase": "^5.2.0",
        "icss-utils": "^4.1.0",
        "loader-utils": "^1.2.3",
        "normalize-path": "^3.0.0",
        "postcss": "^7.0.14",
        "postcss-modules-extract-imports": "^2.0.0",
        "postcss-modules-local-by-default": "^2.0.6",
        "postcss-modules-scope": "^2.1.0",
        "postcss-modules-values": "^2.0.0",
        "postcss-value-parser": "^3.3.0",
        "schema-utils": "^1.0.0"
      }
    },
    "cssesc": {
      "version": "3.0.0",
      "resolved": "http://registry.npmjs.lianjia.com:7001/cssesc/download/cssesc-3.0.0.tgz",
      "integrity": "sha1-N3QZGZA7hoVl4cCep0dEXNGJg+4="
    },
    "define-properties": {
      "version": "1.1.3",
      "resolved": "http://registry.npmjs.lianjia.com:7001/define-properties/download/define-properties-1.1.3.tgz",
      "integrity": "sha1-z4jabL7ib+bbcJT2HYcMvYTO6fE=",
      "requires": {
        "object-keys": "^1.0.12"
      }
    },
    "emojis-list": {
      "version": "2.1.0",
      "resolved": "http://registry.npmjs.lianjia.com:7001/emojis-list/download/emojis-list-2.1.0.tgz",
      "integrity": "sha1-TapNnbAPmBmIDHn6RXrlsJof04k="
    },
    "es-abstract": {
      "version": "1.13.0",
      "resolved": "http://registry.npmjs.lianjia.com:7001/es-abstract/download/es-abstract-1.13.0.tgz",
      "integrity": "sha1-rIYUX91QmdjdSVWMy6Lq+biOJOk=",
      "requires": {
        "es-to-primitive": "^1.2.0",
        "function-bind": "^1.1.1",
        "has": "^1.0.3",
        "is-callable": "^1.1.4",
        "is-regex": "^1.0.4",
        "object-keys": "^1.0.12"
      }
    },
    "es-to-primitive": {
      "version": "1.2.0",
      "resolved": "http://registry.npmjs.lianjia.com:7001/es-to-primitive/download/es-to-primitive-1.2.0.tgz",
      "integrity": "sha1-7fckeAM0VujdqO8J4ArZZQcH83c=",
      "requires": {
        "is-callable": "^1.1.4",
        "is-date-object": "^1.0.1",
        "is-symbol": "^1.0.2"
      }
    },
    "escape-string-regexp": {
      "version": "1.0.5",
      "resolved": "http://registry.npmjs.lianjia.com:7001/escape-string-regexp/download/escape-string-regexp-1.0.5.tgz",
      "integrity": "sha1-G2HAViGQqN/2rjuyzwIAyhMLhtQ="
    },
    "fast-deep-equal": {
      "version": "2.0.1",
      "resolved": "http://registry.npmjs.lianjia.com:7001/fast-deep-equal/download/fast-deep-equal-2.0.1.tgz",
      "integrity": "sha1-ewUhjd+WZ79/Nwv3/bLLFf3Qqkk="
    },
    "fast-json-stable-stringify": {
      "version": "2.0.0",
      "resolved": "http://registry.npmjs.lianjia.com:7001/fast-json-stable-stringify/download/fast-json-stable-stringify-2.0.0.tgz",
      "integrity": "sha1-1RQsDK7msRifh9OnYREGT4bIu/I="
    },
    "find-cache-dir": {
      "version": "2.1.0",
      "resolved": "http://registry.npmjs.lianjia.com:7001/find-cache-dir/download/find-cache-dir-2.1.0.tgz",
      "integrity": "sha1-jQ+UzRP+Q8bHwmGg2GEVypGMBfc=",
      "requires": {
        "commondir": "^1.0.1",
        "make-dir": "^2.0.0",
        "pkg-dir": "^3.0.0"
      }
    },
    "find-up": {
      "version": "3.0.0",
      "resolved": "http://registry.npmjs.lianjia.com:7001/find-up/download/find-up-3.0.0.tgz",
      "integrity": "sha1-SRafHXmTQwZG2mHsxa41XCHJe3M=",
      "requires": {
        "locate-path": "^3.0.0"
      }
    },
    "function-bind": {
      "version": "1.1.1",
      "resolved": "http://registry.npmjs.lianjia.com:7001/function-bind/download/function-bind-1.1.1.tgz",
      "integrity": "sha1-pWiZ0+o8m6uHS7l3O3xe3pL0iV0="
    },
    "has": {
      "version": "1.0.3",
      "resolved": "http://registry.npmjs.lianjia.com:7001/has/download/has-1.0.3.tgz",
      "integrity": "sha1-ci18v8H2qoJB8W3YFOAR4fQeh5Y=",
      "requires": {
        "function-bind": "^1.1.1"
      }
    },
    "has-flag": {
      "version": "3.0.0",
      "resolved": "http://registry.npmjs.lianjia.com:7001/has-flag/download/has-flag-3.0.0.tgz",
      "integrity": "sha1-tdRU3CGZriJWmfNGfloH87lVuv0="
    },
    "has-symbols": {
      "version": "1.0.0",
      "resolved": "http://registry.npmjs.lianjia.com:7001/has-symbols/download/has-symbols-1.0.0.tgz",
      "integrity": "sha1-uhqPGvKg/DllD1yFA2dwQSIGO0Q="
    },
    "icss-replace-symbols": {
      "version": "1.1.0",
      "resolved": "http://registry.npmjs.lianjia.com:7001/icss-replace-symbols/download/icss-replace-symbols-1.1.0.tgz",
      "integrity": "sha1-Bupvg2ead0njhs/h/oEq5dsiPe0="
    },
    "icss-utils": {
      "version": "4.1.0",
      "resolved": "http://registry.npmjs.lianjia.com:7001/icss-utils/download/icss-utils-4.1.0.tgz",
      "integrity": "sha1-M527/7n4cpokO3AeHCnUzFjFLw4=",
      "requires": {
        "postcss": "^7.0.14"
      }
    },
    "indexes-of": {
      "version": "1.0.1",
      "resolved": "http://registry.npmjs.lianjia.com:7001/indexes-of/download/indexes-of-1.0.1.tgz",
      "integrity": "sha1-8w9xbI4r00bHtn0985FVZqfAVgc="
    },
    "inherits": {
      "version": "2.0.3",
      "resolved": "http://registry.npmjs.lianjia.com:7001/inherits/download/inherits-2.0.3.tgz",
      "integrity": "sha1-Yzwsg+PaQqUC9SRmAiSA9CCCYd4="
    },
    "is-callable": {
      "version": "1.1.4",
      "resolved": "http://registry.npmjs.lianjia.com:7001/is-callable/download/is-callable-1.1.4.tgz",
      "integrity": "sha1-HhrfIZ4e62hNaR+dagX/DTCiTXU="
    },
    "is-date-object": {
      "version": "1.0.1",
      "resolved": "http://registry.npmjs.lianjia.com:7001/is-date-object/download/is-date-object-1.0.1.tgz",
      "integrity": "sha1-mqIOtq7rv/d/vTPnTKAbM1gdOhY="
    },
    "is-regex": {
      "version": "1.0.4",
      "resolved": "http://registry.npmjs.lianjia.com:7001/is-regex/download/is-regex-1.0.4.tgz",
      "integrity": "sha1-VRdIm1RwkbCTDglWVM7SXul+lJE=",
      "requires": {
        "has": "^1.0.1"
      }
    },
    "is-symbol": {
      "version": "1.0.2",
      "resolved": "http://registry.npmjs.lianjia.com:7001/is-symbol/download/is-symbol-1.0.2.tgz",
      "integrity": "sha1-oFX2rlcZLK7jKeeoYBGLSXqVDzg=",
      "requires": {
        "has-symbols": "^1.0.0"
      }
    },
    "js-tokens": {
      "version": "4.0.0",
      "resolved": "http://registry.npmjs.lianjia.com:7001/js-tokens/download/js-tokens-4.0.0.tgz",
      "integrity": "sha1-GSA/tZmR35jjoocFDUZHzerzJJk="
    },
    "json-schema-traverse": {
      "version": "0.4.1",
      "resolved": "http://registry.npmjs.lianjia.com:7001/json-schema-traverse/download/json-schema-traverse-0.4.1.tgz",
      "integrity": "sha1-afaofZUTq4u4/mO9sJecRI5oRmA="
    },
    "json5": {
      "version": "1.0.1",
      "resolved": "http://registry.npmjs.lianjia.com:7001/json5/download/json5-1.0.1.tgz",
      "integrity": "sha1-d5+wAYYE+oVOrL9iUhgNg1Q+Pb4=",
      "requires": {
        "minimist": "^1.2.0"
      }
    },
    "loader-utils": {
      "version": "1.2.3",
      "resolved": "http://registry.npmjs.lianjia.com:7001/loader-utils/download/loader-utils-1.2.3.tgz",
      "integrity": "sha1-H/XcaRHJ8KBiUxpMBLYJQGEIwsc=",
      "requires": {
        "big.js": "^5.2.2",
        "emojis-list": "^2.0.0",
        "json5": "^1.0.1"
      }
    },
    "locate-path": {
      "version": "3.0.0",
      "resolved": "http://registry.npmjs.lianjia.com:7001/locate-path/download/locate-path-3.0.0.tgz",
      "integrity": "sha1-2+w7OrdZdYBxtY/ln8QYca8hQA4=",
      "requires": {
        "p-locate": "^3.0.0",
        "path-exists": "^3.0.0"
      }
    },
    "loose-envify": {
      "version": "1.4.0",
      "resolved": "http://registry.npmjs.lianjia.com:7001/loose-envify/download/loose-envify-1.4.0.tgz",
      "integrity": "sha1-ce5R+nvkyuwaY4OffmgtgTLTDK8=",
      "requires": {
        "js-tokens": "^3.0.0 || ^4.0.0"
      }
    },
    "make-dir": {
      "version": "2.1.0",
      "resolved": "http://registry.npmjs.lianjia.com:7001/make-dir/download/make-dir-2.1.0.tgz",
      "integrity": "sha1-XwMQ4YuL6JjMBwCSlaMK5B6R5vU=",
      "requires": {
        "pify": "^4.0.1",
        "semver": "^5.6.0"
      }
    },
    "minimist": {
      "version": "1.2.0",
      "resolved": "http://registry.npmjs.lianjia.com:7001/minimist/download/minimist-1.2.0.tgz",
      "integrity": "sha1-o1AIsg9BOD7sH7kU9M1d95omQoQ="
    },
    "mkdirp": {
      "version": "0.5.1",
      "resolved": "http://registry.npmjs.lianjia.com:7001/mkdirp/download/mkdirp-0.5.1.tgz",
      "integrity": "sha1-MAV0OOrGz3+MR2fzhkjWaX11yQM=",
      "requires": {
        "minimist": "0.0.8"
      },
      "dependencies": {
        "minimist": {
          "version": "0.0.8",
          "resolved": "http://registry.npmjs.lianjia.com:7001/minimist/download/minimist-0.0.8.tgz",
          "integrity": "sha1-hX/Kv8M5fSYluCKCYuhqp6ARsF0="
        }
      }
    },
    "normalize-path": {
      "version": "3.0.0",
      "resolved": "http://registry.npmjs.lianjia.com:7001/normalize-path/download/normalize-path-3.0.0.tgz",
      "integrity": "sha1-Dc1p/yOhybEf0JeDFmRKA4ghamU="
    },
    "object-assign": {
      "version": "4.1.1",
      "resolved": "http://registry.npmjs.lianjia.com:7001/object-assign/download/object-assign-4.1.1.tgz",
      "integrity": "sha1-IQmtx5ZYh8/AXLvUQsrIv7s2CGM="
    },
    "object-keys": {
      "version": "1.1.0",
      "resolved": "http://registry.npmjs.lianjia.com:7001/object-keys/download/object-keys-1.1.0.tgz",
      "integrity": "sha1-Eb0iNI3S4JagRasG9shbzDQPoDI="
    },
    "object.getownpropertydescriptors": {
      "version": "2.0.3",
      "resolved": "http://registry.npmjs.lianjia.com:7001/object.getownpropertydescriptors/download/object.getownpropertydescriptors-2.0.3.tgz",
      "integrity": "sha1-h1jIRvW0B62rDyNuCYbxSwUcqhY=",
      "requires": {
        "define-properties": "^1.1.2",
        "es-abstract": "^1.5.1"
      }
    },
    "p-limit": {
      "version": "2.2.0",
      "resolved": "http://registry.npmjs.lianjia.com:7001/p-limit/download/p-limit-2.2.0.tgz",
      "integrity": "sha1-QXyZQeYCepq8ulCS3SkE4lW1+8I=",
      "requires": {
        "p-try": "^2.0.0"
      }
    },
    "p-locate": {
      "version": "3.0.0",
      "resolved": "http://registry.npmjs.lianjia.com:7001/p-locate/download/p-locate-3.0.0.tgz",
      "integrity": "sha1-Mi1poFwCZLJZl9n0DNiokasAZKQ=",
      "requires": {
        "p-limit": "^2.0.0"
      }
    },
    "p-try": {
      "version": "2.2.0",
      "resolved": "http://registry.npmjs.lianjia.com:7001/p-try/download/p-try-2.2.0.tgz",
      "integrity": "sha1-yyhoVA4xPWHeWPr741zpAE1VQOY="
    },
    "path": {
      "version": "0.12.7",
      "resolved": "http://registry.npmjs.lianjia.com:7001/path/download/path-0.12.7.tgz",
      "integrity": "sha1-1NwqUGxM4hl+tIHr/NWzbAFAsQ8=",
      "requires": {
        "process": "^0.11.1",
        "util": "^0.10.3"
      }
    },
    "path-exists": {
      "version": "3.0.0",
      "resolved": "http://registry.npmjs.lianjia.com:7001/path-exists/download/path-exists-3.0.0.tgz",
      "integrity": "sha1-zg6+ql94yxiSXqfYENe1mwEP1RU="
    },
    "pify": {
      "version": "4.0.1",
      "resolved": "http://registry.npmjs.lianjia.com:7001/pify/download/pify-4.0.1.tgz",
      "integrity": "sha1-SyzSXFDVmHNcUCkiJP2MbfQeMjE="
    },
    "pkg-dir": {
      "version": "3.0.0",
      "resolved": "http://registry.npmjs.lianjia.com:7001/pkg-dir/download/pkg-dir-3.0.0.tgz",
      "integrity": "sha1-J0kCDyOe2ZCIGx9xIQ1R62UjvqM=",
      "requires": {
        "find-up": "^3.0.0"
      }
    },
    "postcss": {
      "version": "7.0.14",
      "resolved": "http://registry.npmjs.lianjia.com:7001/postcss/download/postcss-7.0.14.tgz",
      "integrity": "sha1-RSftaxyg2CxTzl7BogQcI0a71uU=",
      "requires": {
        "chalk": "^2.4.2",
        "source-map": "^0.6.1",
        "supports-color": "^6.1.0"
      }
    },
    "postcss-modules-extract-imports": {
      "version": "2.0.0",
      "resolved": "http://registry.npmjs.lianjia.com:7001/postcss-modules-extract-imports/download/postcss-modules-extract-imports-2.0.0.tgz",
      "integrity": "sha1-gYcZoa4doyX5gyRGsBE27rSTzX4=",
      "requires": {
        "postcss": "^7.0.5"
      }
    },
    "postcss-modules-local-by-default": {
      "version": "2.0.6",
      "resolved": "http://registry.npmjs.lianjia.com:7001/postcss-modules-local-by-default/download/postcss-modules-local-by-default-2.0.6.tgz",
      "integrity": "sha1-3ZlT9t1Ha1/R7y2IMMiSl2C1bmM=",
      "requires": {
        "postcss": "^7.0.6",
        "postcss-selector-parser": "^6.0.0",
        "postcss-value-parser": "^3.3.1"
      }
    },
    "postcss-modules-scope": {
      "version": "2.1.0",
      "resolved": "http://registry.npmjs.lianjia.com:7001/postcss-modules-scope/download/postcss-modules-scope-2.1.0.tgz",
      "integrity": "sha1-rT9b94VhFPb8q5AbBQLiorw51Os=",
      "requires": {
        "postcss": "^7.0.6",
        "postcss-selector-parser": "^6.0.0"
      }
    },
    "postcss-modules-values": {
      "version": "2.0.0",
      "resolved": "http://registry.npmjs.lianjia.com:7001/postcss-modules-values/download/postcss-modules-values-2.0.0.tgz",
      "integrity": "sha1-R5tG3Axco9x/pScIUYNrnscVL2Q=",
      "requires": {
        "icss-replace-symbols": "^1.1.0",
        "postcss": "^7.0.6"
      }
    },
    "postcss-selector-parser": {
      "version": "6.0.2",
      "resolved": "http://registry.npmjs.lianjia.com:7001/postcss-selector-parser/download/postcss-selector-parser-6.0.2.tgz",
      "integrity": "sha1-k0z3mdAWyDQRhZ4J3Oyt4BKG7Fw=",
      "requires": {
        "cssesc": "^3.0.0",
        "indexes-of": "^1.0.1",
        "uniq": "^1.0.1"
      }
    },
    "postcss-value-parser": {
      "version": "3.3.1",
      "resolved": "http://registry.npmjs.lianjia.com:7001/postcss-value-parser/download/postcss-value-parser-3.3.1.tgz",
      "integrity": "sha1-n/giVH4okyE88cMO+lGsX9G6goE="
    },
    "process": {
      "version": "0.11.10",
      "resolved": "http://registry.npmjs.lianjia.com:7001/process/download/process-0.11.10.tgz",
      "integrity": "sha1-czIwDoQBYb2j5podHZGn1LwW8YI="
    },
    "prop-types": {
      "version": "15.7.2",
      "resolved": "http://registry.npmjs.lianjia.com:7001/prop-types/download/prop-types-15.7.2.tgz",
      "integrity": "sha1-UsQedbjIfnK52TYOAga5ncv/psU=",
      "requires": {
        "loose-envify": "^1.4.0",
        "object-assign": "^4.1.1",
        "react-is": "^16.8.1"
      }
    },
    "punycode": {
      "version": "2.1.1",
      "resolved": "http://registry.npmjs.lianjia.com:7001/punycode/download/punycode-2.1.1.tgz",
      "integrity": "sha1-tYsBCsQMIsVldhbI0sLALHv0eew="
    },
    "react": {
      "version": "16.8.6",
      "resolved": "http://registry.npmjs.lianjia.com:7001/react/download/react-16.8.6.tgz",
      "integrity": "sha1-rWw6lhT9Ok6e9REX9U2IjaAfK74=",
      "requires": {
        "loose-envify": "^1.1.0",
        "object-assign": "^4.1.1",
        "prop-types": "^15.6.2",
        "scheduler": "^0.13.6"
      }
    },
    "react-is": {
      "version": "16.8.6",
      "resolved": "http://registry.npmjs.lianjia.com:7001/react-is/download/react-is-16.8.6.tgz",
      "integrity": "sha1-W7weLSkUHJ+9/tRWND/ivEMKahY="
    },
    "scheduler": {
      "version": "0.13.6",
      "resolved": "http://registry.npmjs.lianjia.com:7001/scheduler/download/scheduler-0.13.6.tgz",
      "integrity": "sha1-RmpOwzJGezGpG5v3TlNHBy5M2Ik=",
      "requires": {
        "loose-envify": "^1.1.0",
        "object-assign": "^4.1.1"
      }
    },
    "schema-utils": {
      "version": "1.0.0",
      "resolved": "http://registry.npmjs.lianjia.com:7001/schema-utils/download/schema-utils-1.0.0.tgz",
      "integrity": "sha1-C3mpMgTXtgDUsoUNH2bCo0lRx3A=",
      "requires": {
        "ajv": "^6.1.0",
        "ajv-errors": "^1.0.0",
        "ajv-keywords": "^3.1.0"
      }
    },
    "semver": {
      "version": "5.7.0",
      "resolved": "http://registry.npmjs.lianjia.com:7001/semver/download/semver-5.7.0.tgz",
      "integrity": "sha1-eQp89v6lRZuslhELKbYEEtyP+Ws="
    },
    "source-map": {
      "version": "0.6.1",
      "resolved": "http://registry.npmjs.lianjia.com:7001/source-map/download/source-map-0.6.1.tgz",
      "integrity": "sha1-dHIq8y6WFOnCh6jQu95IteLxomM="
    },
    "style-loader": {
      "version": "0.23.1",
      "resolved": "http://registry.npmjs.lianjia.com:7001/style-loader/download/style-loader-0.23.1.tgz",
      "integrity": "sha1-y5FUYG8+dxq2xKtjcCahBJF02SU=",
      "requires": {
        "loader-utils": "^1.1.0",
        "schema-utils": "^1.0.0"
      }
    },
    "supports-color": {
      "version": "6.1.0",
      "resolved": "http://registry.npmjs.lianjia.com:7001/supports-color/download/supports-color-6.1.0.tgz",
      "integrity": "sha1-B2Srxpxj1ayELdSGfo0CXogN+PM=",
      "requires": {
        "has-flag": "^3.0.0"
      }
    },
    "uniq": {
      "version": "1.0.1",
      "resolved": "http://registry.npmjs.lianjia.com:7001/uniq/download/uniq-1.0.1.tgz",
      "integrity": "sha1-sxxa6CVIRKOoKBVBzisEuGWnNP8="
    },
    "uri-js": {
      "version": "4.2.2",
      "resolved": "http://registry.npmjs.lianjia.com:7001/uri-js/download/uri-js-4.2.2.tgz",
      "integrity": "sha1-lMVA4f93KVbiKZUHwBCupsiDjrA=",
      "requires": {
        "punycode": "^2.1.0"
      }
    },
    "util": {
      "version": "0.10.4",
      "resolved": "http://registry.npmjs.lianjia.com:7001/util/download/util-0.10.4.tgz",
      "integrity": "sha1-OqASW/5mikZy3liFfTrOJ+y3aQE=",
      "requires": {
        "inherits": "2.0.3"
      }
    },
    "util.promisify": {
      "version": "1.0.0",
      "resolved": "http://registry.npmjs.lianjia.com:7001/util.promisify/download/util.promisify-1.0.0.tgz",
      "integrity": "sha1-RA9xZaRZyaFtwUXrjnLzVocJcDA=",
      "requires": {
        "define-properties": "^1.1.2",
        "object.getownpropertydescriptors": "^2.0.3"
      }
    }
  }
}
